// !$*UTF8*$!
{
	archiveVersion = 1;
	classes = {
	};
	objectVersion = 54;
	objects = {

/* Begin PBXBuildFile section */
		A9AE27356F2286F4781C53C4 /* Pods_Glaucoma_App.framework in Frameworks */ = {isa = PBXBuildFile; fileRef = 5366BBD07457CA0CDACDED5E /* Pods_Glaucoma_App.framework */; };
		C7B04DEA2B325E340003A60C /* AppDelegate.swift in Sources */ = {isa = PBXBuildFile; fileRef = C7B04DE92B325E340003A60C /* AppDelegate.swift */; };
		C7B04DEC2B325E340003A60C /* SceneDelegate.swift in Sources */ = {isa = PBXBuildFile; fileRef = C7B04DEB2B325E340003A60C /* SceneDelegate.swift */; };
		C7B04DEE2B325E340003A60C /* ViewController.swift in Sources */ = {isa = PBXBuildFile; fileRef = C7B04DED2B325E340003A60C /* ViewController.swift */; };
		C7B04DF12B325E340003A60C /* Main.storyboard in Resources */ = {isa = PBXBuildFile; fileRef = C7B04DEF2B325E340003A60C /* Main.storyboard */; };
		C7B04DF32B325E350003A60C /* Assets.xcassets in Resources */ = {isa = PBXBuildFile; fileRef = C7B04DF22B325E350003A60C /* Assets.xcassets */; };
		C7B04DF62B325E350003A60C /* LaunchScreen.storyboard in Resources */ = {isa = PBXBuildFile; fileRef = C7B04DF42B325E350003A60C /* LaunchScreen.storyboard */; };
		C7B04DFF2B325ECD0003A60C /* BLE_Peripheral.swift in Sources */ = {isa = PBXBuildFile; fileRef = C7B04DFE2B325ECD0003A60C /* BLE_Peripheral.swift */; };
		C7B04E012B325EDE0003A60C /* CBUUIDs.swift in Sources */ = {isa = PBXBuildFile; fileRef = C7B04E002B325EDE0003A60C /* CBUUIDs.swift */; };
		C7B04E042B325F180003A60C /* TableViewCell.swift in Sources */ = {isa = PBXBuildFile; fileRef = C7B04E032B325F180003A60C /* TableViewCell.swift */; };
		C7B04E072B325FC00003A60C /* ConsoleViewController.swift in Sources */ = {isa = PBXBuildFile; fileRef = C7B04E062B325FC00003A60C /* ConsoleViewController.swift */; };
		C7B04E092B325FE20003A60C /* GraphViewController.swift in Sources */ = {isa = PBXBuildFile; fileRef = C7B04E082B325FE20003A60C /* GraphViewController.swift */; };
		CD654A9A2B33E62400659FE8 /* FirebaseAnalytics in Frameworks */ = {isa = PBXBuildFile; productRef = CD654A992B33E62400659FE8 /* FirebaseAnalytics */; };
		CD654A9C2B33E62400659FE8 /* FirebaseAnalyticsOnDeviceConversion in Frameworks */ = {isa = PBXBuildFile; productRef = CD654A9B2B33E62400659FE8 /* FirebaseAnalyticsOnDeviceConversion */; };
		CD654A9E2B33E62400659FE8 /* FirebaseAnalyticsSwift in Frameworks */ = {isa = PBXBuildFile; productRef = CD654A9D2B33E62400659FE8 /* FirebaseAnalyticsSwift */; };
		CD654AA02B33E62400659FE8 /* FirebaseAnalyticsWithoutAdIdSupport in Frameworks */ = {isa = PBXBuildFile; productRef = CD654A9F2B33E62400659FE8 /* FirebaseAnalyticsWithoutAdIdSupport */; };
		CD654AA22B33E62400659FE8 /* FirebaseAppCheck in Frameworks */ = {isa = PBXBuildFile; productRef = CD654AA12B33E62400659FE8 /* FirebaseAppCheck */; };
		CD654AA42B33E62400659FE8 /* FirebaseAppDistribution-Beta in Frameworks */ = {isa = PBXBuildFile; productRef = CD654AA32B33E62400659FE8 /* FirebaseAppDistribution-Beta */; };
		CD654AA62B33E62400659FE8 /* FirebaseAuth in Frameworks */ = {isa = PBXBuildFile; productRef = CD654AA52B33E62400659FE8 /* FirebaseAuth */; };
		CD654AA82B33E62400659FE8 /* FirebaseAuthCombine-Community in Frameworks */ = {isa = PBXBuildFile; productRef = CD654AA72B33E62400659FE8 /* FirebaseAuthCombine-Community */; };
		CD654AAA2B33E62400659FE8 /* FirebaseCrashlytics in Frameworks */ = {isa = PBXBuildFile; productRef = CD654AA92B33E62400659FE8 /* FirebaseCrashlytics */; };
		CD654AAC2B33E62400659FE8 /* FirebaseDatabase in Frameworks */ = {isa = PBXBuildFile; productRef = CD654AAB2B33E62400659FE8 /* FirebaseDatabase */; };
		CD654AAE2B33E62400659FE8 /* FirebaseDatabaseSwift in Frameworks */ = {isa = PBXBuildFile; productRef = CD654AAD2B33E62400659FE8 /* FirebaseDatabaseSwift */; };
		CD654AB02B33E62400659FE8 /* FirebaseDynamicLinks in Frameworks */ = {isa = PBXBuildFile; productRef = CD654AAF2B33E62400659FE8 /* FirebaseDynamicLinks */; };
		CD654AB22B33E62400659FE8 /* FirebaseFirestore in Frameworks */ = {isa = PBXBuildFile; productRef = CD654AB12B33E62400659FE8 /* FirebaseFirestore */; };
		CD654AB42B33E62400659FE8 /* FirebaseFirestoreCombine-Community in Frameworks */ = {isa = PBXBuildFile; productRef = CD654AB32B33E62400659FE8 /* FirebaseFirestoreCombine-Community */; };
		CD654AB62B33E62400659FE8 /* FirebaseFirestoreSwift in Frameworks */ = {isa = PBXBuildFile; productRef = CD654AB52B33E62400659FE8 /* FirebaseFirestoreSwift */; };
		CD654AB82B33E62400659FE8 /* FirebaseFunctions in Frameworks */ = {isa = PBXBuildFile; productRef = CD654AB72B33E62400659FE8 /* FirebaseFunctions */; };
		CD654ABA2B33E62400659FE8 /* FirebaseFunctionsCombine-Community in Frameworks */ = {isa = PBXBuildFile; productRef = CD654AB92B33E62400659FE8 /* FirebaseFunctionsCombine-Community */; };
		CD654ABC2B33E62400659FE8 /* FirebaseInAppMessaging-Beta in Frameworks */ = {isa = PBXBuildFile; productRef = CD654ABB2B33E62400659FE8 /* FirebaseInAppMessaging-Beta */; };
		CD654ABE2B33E62400659FE8 /* FirebaseInAppMessagingSwift-Beta in Frameworks */ = {isa = PBXBuildFile; productRef = CD654ABD2B33E62400659FE8 /* FirebaseInAppMessagingSwift-Beta */; };
		CD654AC02B33E62400659FE8 /* FirebaseInstallations in Frameworks */ = {isa = PBXBuildFile; productRef = CD654ABF2B33E62400659FE8 /* FirebaseInstallations */; };
		CD654AC22B33E62400659FE8 /* FirebaseMLModelDownloader in Frameworks */ = {isa = PBXBuildFile; productRef = CD654AC12B33E62400659FE8 /* FirebaseMLModelDownloader */; };
		CD654AC42B33E62400659FE8 /* FirebaseMessaging in Frameworks */ = {isa = PBXBuildFile; productRef = CD654AC32B33E62400659FE8 /* FirebaseMessaging */; };
		CD654AC62B33E62400659FE8 /* FirebasePerformance in Frameworks */ = {isa = PBXBuildFile; productRef = CD654AC52B33E62400659FE8 /* FirebasePerformance */; };
		CD654AC82B33E62400659FE8 /* FirebaseRemoteConfig in Frameworks */ = {isa = PBXBuildFile; productRef = CD654AC72B33E62400659FE8 /* FirebaseRemoteConfig */; };
		CD654ACA2B33E62400659FE8 /* FirebaseRemoteConfigSwift in Frameworks */ = {isa = PBXBuildFile; productRef = CD654AC92B33E62400659FE8 /* FirebaseRemoteConfigSwift */; };
		CD654ACC2B33E62400659FE8 /* FirebaseStorage in Frameworks */ = {isa = PBXBuildFile; productRef = CD654ACB2B33E62400659FE8 /* FirebaseStorage */; };
		CD654ACE2B33E62400659FE8 /* FirebaseStorageCombine-Community in Frameworks */ = {isa = PBXBuildFile; productRef = CD654ACD2B33E62400659FE8 /* FirebaseStorageCombine-Community */; };
		CD654AD12B33E99C00659FE8 /* Charts.framework in Frameworks */ = {isa = PBXBuildFile; fileRef = CD654AD02B33E99C00659FE8 /* Charts.framework */; };
		CD654AD32B37AFB200659FE8 /* GoogleService-Info.plist in Resources */ = {isa = PBXBuildFile; fileRef = CD654AD22B37AFB200659FE8 /* GoogleService-Info.plist */; };
/* End PBXBuildFile section */

/* Begin PBXFileReference section */
		186A406411575715308E96F5 /* Pods-Glaucoma_App.release.xcconfig */ = {isa = PBXFileReference; includeInIndex = 1; lastKnownFileType = text.xcconfig; name = "Pods-Glaucoma_App.release.xcconfig"; path = "Target Support Files/Pods-Glaucoma_App/Pods-Glaucoma_App.release.xcconfig"; sourceTree = "<group>"; };
		5366BBD07457CA0CDACDED5E /* Pods_Glaucoma_App.framework */ = {isa = PBXFileReference; explicitFileType = wrapper.framework; includeInIndex = 0; path = Pods_Glaucoma_App.framework; sourceTree = BUILT_PRODUCTS_DIR; };
		C7B04DE62B325E340003A60C /* Glauc-At-Home-A.app */ = {isa = PBXFileReference; explicitFileType = wrapper.application; includeInIndex = 0; path = "Glauc-At-Home-A.app"; sourceTree = BUILT_PRODUCTS_DIR; };
		C7B04DE92B325E340003A60C /* AppDelegate.swift */ = {isa = PBXFileReference; lastKnownFileType = sourcecode.swift; path = AppDelegate.swift; sourceTree = "<group>"; };
		C7B04DEB2B325E340003A60C /* SceneDelegate.swift */ = {isa = PBXFileReference; lastKnownFileType = sourcecode.swift; path = SceneDelegate.swift; sourceTree = "<group>"; };
		C7B04DED2B325E340003A60C /* ViewController.swift */ = {isa = PBXFileReference; lastKnownFileType = sourcecode.swift; path = ViewController.swift; sourceTree = "<group>"; };
		C7B04DF02B325E340003A60C /* Base */ = {isa = PBXFileReference; lastKnownFileType = file.storyboard; name = Base; path = Base.lproj/Main.storyboard; sourceTree = "<group>"; };
		C7B04DF22B325E350003A60C /* Assets.xcassets */ = {isa = PBXFileReference; lastKnownFileType = folder.assetcatalog; path = Assets.xcassets; sourceTree = "<group>"; };
		C7B04DF52B325E350003A60C /* Base */ = {isa = PBXFileReference; lastKnownFileType = file.storyboard; name = Base; path = Base.lproj/LaunchScreen.storyboard; sourceTree = "<group>"; };
		C7B04DF72B325E350003A60C /* Info.plist */ = {isa = PBXFileReference; lastKnownFileType = text.plist.xml; path = Info.plist; sourceTree = "<group>"; };
		C7B04DFE2B325ECD0003A60C /* BLE_Peripheral.swift */ = {isa = PBXFileReference; lastKnownFileType = sourcecode.swift; path = BLE_Peripheral.swift; sourceTree = "<group>"; };
		C7B04E002B325EDE0003A60C /* CBUUIDs.swift */ = {isa = PBXFileReference; lastKnownFileType = sourcecode.swift; path = CBUUIDs.swift; sourceTree = "<group>"; };
		C7B04E032B325F180003A60C /* TableViewCell.swift */ = {isa = PBXFileReference; lastKnownFileType = sourcecode.swift; path = TableViewCell.swift; sourceTree = "<group>"; };
		C7B04E062B325FC00003A60C /* ConsoleViewController.swift */ = {isa = PBXFileReference; lastKnownFileType = sourcecode.swift; path = ConsoleViewController.swift; sourceTree = "<group>"; };
		C7B04E082B325FE20003A60C /* GraphViewController.swift */ = {isa = PBXFileReference; lastKnownFileType = sourcecode.swift; path = GraphViewController.swift; sourceTree = "<group>"; };
		CD654AD02B33E99C00659FE8 /* Charts.framework */ = {isa = PBXFileReference; lastKnownFileType = wrapper.framework; name = Charts.framework; path = System/Library/Frameworks/Charts.framework; sourceTree = SDKROOT; };
		CD654AD22B37AFB200659FE8 /* GoogleService-Info.plist */ = {isa = PBXFileReference; fileEncoding = 4; lastKnownFileType = text.plist.xml; path = "GoogleService-Info.plist"; sourceTree = "<group>"; };
		F597108A25FE3F6071B162D1 /* Pods-Glaucoma_App.debug.xcconfig */ = {isa = PBXFileReference; includeInIndex = 1; lastKnownFileType = text.xcconfig; name = "Pods-Glaucoma_App.debug.xcconfig"; path = "Target Support Files/Pods-Glaucoma_App/Pods-Glaucoma_App.debug.xcconfig"; sourceTree = "<group>"; };
/* End PBXFileReference section */

/* Begin PBXFrameworksBuildPhase section */
		C7B04DE32B325E340003A60C /* Frameworks */ = {
			isa = PBXFrameworksBuildPhase;
			buildActionMask = 2147483647;
			files = (
				CD654AAC2B33E62400659FE8 /* FirebaseDatabase in Frameworks */,
				CD654ABA2B33E62400659FE8 /* FirebaseFunctionsCombine-Community in Frameworks */,
				CD654AB22B33E62400659FE8 /* FirebaseFirestore in Frameworks */,
				CD654A9E2B33E62400659FE8 /* FirebaseAnalyticsSwift in Frameworks */,
				CD654A9A2B33E62400659FE8 /* FirebaseAnalytics in Frameworks */,
				CD654A9C2B33E62400659FE8 /* FirebaseAnalyticsOnDeviceConversion in Frameworks */,
				CD654AC22B33E62400659FE8 /* FirebaseMLModelDownloader in Frameworks */,
				CD654AB62B33E62400659FE8 /* FirebaseFirestoreSwift in Frameworks */,
				CD654AA22B33E62400659FE8 /* FirebaseAppCheck in Frameworks */,
				CD654AA02B33E62400659FE8 /* FirebaseAnalyticsWithoutAdIdSupport in Frameworks */,
				CD654AA62B33E62400659FE8 /* FirebaseAuth in Frameworks */,
				CD654AAA2B33E62400659FE8 /* FirebaseCrashlytics in Frameworks */,
				CD654ACA2B33E62400659FE8 /* FirebaseRemoteConfigSwift in Frameworks */,
				CD654ABC2B33E62400659FE8 /* FirebaseInAppMessaging-Beta in Frameworks */,
				CD654AAE2B33E62400659FE8 /* FirebaseDatabaseSwift in Frameworks */,
				CD654AB82B33E62400659FE8 /* FirebaseFunctions in Frameworks */,
				CD654ACE2B33E62400659FE8 /* FirebaseStorageCombine-Community in Frameworks */,
				CD654AD12B33E99C00659FE8 /* Charts.framework in Frameworks */,
				CD654AC82B33E62400659FE8 /* FirebaseRemoteConfig in Frameworks */,
				CD654AA42B33E62400659FE8 /* FirebaseAppDistribution-Beta in Frameworks */,
				CD654AA82B33E62400659FE8 /* FirebaseAuthCombine-Community in Frameworks */,
				CD654AC62B33E62400659FE8 /* FirebasePerformance in Frameworks */,
				CD654ABE2B33E62400659FE8 /* FirebaseInAppMessagingSwift-Beta in Frameworks */,
				CD654ACC2B33E62400659FE8 /* FirebaseStorage in Frameworks */,
				CD654AB02B33E62400659FE8 /* FirebaseDynamicLinks in Frameworks */,
				CD654AB42B33E62400659FE8 /* FirebaseFirestoreCombine-Community in Frameworks */,
				CD654AC42B33E62400659FE8 /* FirebaseMessaging in Frameworks */,
				CD654AC02B33E62400659FE8 /* FirebaseInstallations in Frameworks */,
				A9AE27356F2286F4781C53C4 /* Pods_Glaucoma_App.framework in Frameworks */,
			);
			runOnlyForDeploymentPostprocessing = 0;
		};
/* End PBXFrameworksBuildPhase section */

/* Begin PBXGroup section */
		9574DFFEC8EED8EE9C95C6AC /* Pods */ = {
			isa = PBXGroup;
			children = (
				F597108A25FE3F6071B162D1 /* Pods-Glaucoma_App.debug.xcconfig */,
				186A406411575715308E96F5 /* Pods-Glaucoma_App.release.xcconfig */,
			);
			path = Pods;
			sourceTree = "<group>";
		};
		C7B04DDD2B325E340003A60C = {
			isa = PBXGroup;
			children = (
				C7B04DE82B325E340003A60C /* Glaucoma_App */,
				C7B04DE72B325E340003A60C /* Products */,
				CD654ACF2B33E99C00659FE8 /* Frameworks */,
				9574DFFEC8EED8EE9C95C6AC /* Pods */,
			);
			sourceTree = "<group>";
		};
		C7B04DE72B325E340003A60C /* Products */ = {
			isa = PBXGroup;
			children = (
				C7B04DE62B325E340003A60C /* Glauc-At-Home-A.app */,
			);
			name = Products;
			sourceTree = "<group>";
		};
		C7B04DE82B325E340003A60C /* Glaucoma_App */ = {
			isa = PBXGroup;
			children = (
				C7B04DE92B325E340003A60C /* AppDelegate.swift */,
				C7B04DEB2B325E340003A60C /* SceneDelegate.swift */,
				C7B04DFD2B325EB00003A60C /* Model */,
				C7B04E022B325EE70003A60C /* View */,
				C7B04E052B325F6E0003A60C /* Controllers */,
				C7B04DEF2B325E340003A60C /* Main.storyboard */,
				C7B04DF22B325E350003A60C /* Assets.xcassets */,
				C7B04DF42B325E350003A60C /* LaunchScreen.storyboard */,
				CD654AD22B37AFB200659FE8 /* GoogleService-Info.plist */,
				C7B04DF72B325E350003A60C /* Info.plist */,
			);
			path = Glaucoma_App;
			sourceTree = "<group>";
		};
		C7B04DFD2B325EB00003A60C /* Model */ = {
			isa = PBXGroup;
			children = (
				C7B04DFE2B325ECD0003A60C /* BLE_Peripheral.swift */,
				C7B04E002B325EDE0003A60C /* CBUUIDs.swift */,
			);
			path = Model;
			sourceTree = "<group>";
		};
		C7B04E022B325EE70003A60C /* View */ = {
			isa = PBXGroup;
			children = (
				C7B04E032B325F180003A60C /* TableViewCell.swift */,
			);
			path = View;
			sourceTree = "<group>";
		};
		C7B04E052B325F6E0003A60C /* Controllers */ = {
			isa = PBXGroup;
			children = (
				C7B04DED2B325E340003A60C /* ViewController.swift */,
				C7B04E062B325FC00003A60C /* ConsoleViewController.swift */,
				C7B04E082B325FE20003A60C /* GraphViewController.swift */,
			);
			path = Controllers;
			sourceTree = "<group>";
		};
		CD654ACF2B33E99C00659FE8 /* Frameworks */ = {
			isa = PBXGroup;
			children = (
				CD654AD02B33E99C00659FE8 /* Charts.framework */,
				5366BBD07457CA0CDACDED5E /* Pods_Glaucoma_App.framework */,
			);
			name = Frameworks;
			sourceTree = "<group>";
		};
/* End PBXGroup section */

/* Begin PBXNativeTarget section */
		C7B04DE52B325E340003A60C /* Glauc-At-Home-A */ = {
			isa = PBXNativeTarget;
			buildConfigurationList = C7B04DFA2B325E350003A60C /* Build configuration list for PBXNativeTarget "Glauc-At-Home-A" */;
			buildPhases = (
				AC8A58EDF745C5CAFBBFF32B /* [CP] Check Pods Manifest.lock */,
				C7B04DE22B325E340003A60C /* Sources */,
				C7B04DE32B325E340003A60C /* Frameworks */,
				C7B04DE42B325E340003A60C /* Resources */,
				65C06E246CB8FBC4C171D6C7 /* [CP] Embed Pods Frameworks */,
			);
			buildRules = (
			);
			dependencies = (
			);
			name = "Glauc-At-Home-A";
			packageProductDependencies = (
				CD654A992B33E62400659FE8 /* FirebaseAnalytics */,
				CD654A9B2B33E62400659FE8 /* FirebaseAnalyticsOnDeviceConversion */,
				CD654A9D2B33E62400659FE8 /* FirebaseAnalyticsSwift */,
				CD654A9F2B33E62400659FE8 /* FirebaseAnalyticsWithoutAdIdSupport */,
				CD654AA12B33E62400659FE8 /* FirebaseAppCheck */,
				CD654AA32B33E62400659FE8 /* FirebaseAppDistribution-Beta */,
				CD654AA52B33E62400659FE8 /* FirebaseAuth */,
				CD654AA72B33E62400659FE8 /* FirebaseAuthCombine-Community */,
				CD654AA92B33E62400659FE8 /* FirebaseCrashlytics */,
				CD654AAB2B33E62400659FE8 /* FirebaseDatabase */,
				CD654AAD2B33E62400659FE8 /* FirebaseDatabaseSwift */,
				CD654AAF2B33E62400659FE8 /* FirebaseDynamicLinks */,
				CD654AB12B33E62400659FE8 /* FirebaseFirestore */,
				CD654AB32B33E62400659FE8 /* FirebaseFirestoreCombine-Community */,
				CD654AB52B33E62400659FE8 /* FirebaseFirestoreSwift */,
				CD654AB72B33E62400659FE8 /* FirebaseFunctions */,
				CD654AB92B33E62400659FE8 /* FirebaseFunctionsCombine-Community */,
				CD654ABB2B33E62400659FE8 /* FirebaseInAppMessaging-Beta */,
				CD654ABD2B33E62400659FE8 /* FirebaseInAppMessagingSwift-Beta */,
				CD654ABF2B33E62400659FE8 /* FirebaseInstallations */,
				CD654AC12B33E62400659FE8 /* FirebaseMLModelDownloader */,
				CD654AC32B33E62400659FE8 /* FirebaseMessaging */,
				CD654AC52B33E62400659FE8 /* FirebasePerformance */,
				CD654AC72B33E62400659FE8 /* FirebaseRemoteConfig */,
				CD654AC92B33E62400659FE8 /* FirebaseRemoteConfigSwift */,
				CD654ACB2B33E62400659FE8 /* FirebaseStorage */,
				CD654ACD2B33E62400659FE8 /* FirebaseStorageCombine-Community */,
			);
			productName = Glaucoma_App;
			productReference = C7B04DE62B325E340003A60C /* Glauc-At-Home-A.app */;
			productType = "com.apple.product-type.application";
		};
/* End PBXNativeTarget section */

/* Begin PBXProject section */
		C7B04DDE2B325E340003A60C /* Project object */ = {
			isa = PBXProject;
			attributes = {
				BuildIndependentTargetsInParallel = YES;
				LastSwiftUpdateCheck = 1250;
				LastUpgradeCheck = 1510;
				TargetAttributes = {
					C7B04DE52B325E340003A60C = {
						CreatedOnToolsVersion = 12.5.1;
					};
				};
			};
			buildConfigurationList = C7B04DE12B325E340003A60C /* Build configuration list for PBXProject "Glaucoma_App" */;
			compatibilityVersion = "Xcode 9.3";
			developmentRegion = en;
			hasScannedForEncodings = 0;
			knownRegions = (
				en,
				Base,
			);
			mainGroup = C7B04DDD2B325E340003A60C;
			packageReferences = (
				CD654A982B33E62400659FE8 /* XCRemoteSwiftPackageReference "firebase-ios-sdk" */,
			);
			productRefGroup = C7B04DE72B325E340003A60C /* Products */;
			projectDirPath = "";
			projectRoot = "";
			targets = (
				C7B04DE52B325E340003A60C /* Glauc-At-Home-A */,
			);
		};
/* End PBXProject section */

/* Begin PBXResourcesBuildPhase section */
		C7B04DE42B325E340003A60C /* Resources */ = {
			isa = PBXResourcesBuildPhase;
			buildActionMask = 2147483647;
			files = (
				C7B04DF62B325E350003A60C /* LaunchScreen.storyboard in Resources */,
				CD654AD32B37AFB200659FE8 /* GoogleService-Info.plist in Resources */,
				C7B04DF32B325E350003A60C /* Assets.xcassets in Resources */,
				C7B04DF12B325E340003A60C /* Main.storyboard in Resources */,
			);
			runOnlyForDeploymentPostprocessing = 0;
		};
/* End PBXResourcesBuildPhase section */

/* Begin PBXShellScriptBuildPhase section */
		65C06E246CB8FBC4C171D6C7 /* [CP] Embed Pods Frameworks */ = {
			isa = PBXShellScriptBuildPhase;
			buildActionMask = 2147483647;
			files = (
			);
			inputFileListPaths = (
				"${PODS_ROOT}/Target Support Files/Pods-Glaucoma_App/Pods-Glaucoma_App-frameworks-${CONFIGURATION}-input-files.xcfilelist",
			);
			name = "[CP] Embed Pods Frameworks";
			outputFileListPaths = (
				"${PODS_ROOT}/Target Support Files/Pods-Glaucoma_App/Pods-Glaucoma_App-frameworks-${CONFIGURATION}-output-files.xcfilelist",
			);
			runOnlyForDeploymentPostprocessing = 0;
			shellPath = /bin/sh;
			shellScript = "\"${PODS_ROOT}/Target Support Files/Pods-Glaucoma_App/Pods-Glaucoma_App-frameworks.sh\"\n";
			showEnvVarsInLog = 0;
		};
		AC8A58EDF745C5CAFBBFF32B /* [CP] Check Pods Manifest.lock */ = {
			isa = PBXShellScriptBuildPhase;
			buildActionMask = 2147483647;
			files = (
			);
			inputFileListPaths = (
			);
			inputPaths = (
				"${PODS_PODFILE_DIR_PATH}/Podfile.lock",
				"${PODS_ROOT}/Manifest.lock",
			);
			name = "[CP] Check Pods Manifest.lock";
			outputFileListPaths = (
			);
			outputPaths = (
				"$(DERIVED_FILE_DIR)/Pods-Glaucoma_App-checkManifestLockResult.txt",
			);
			runOnlyForDeploymentPostprocessing = 0;
			shellPath = /bin/sh;
			shellScript = "diff \"${PODS_PODFILE_DIR_PATH}/Podfile.lock\" \"${PODS_ROOT}/Manifest.lock\" > /dev/null\nif [ $? != 0 ] ; then\n    # print error to STDERR\n    echo \"error: The sandbox is not in sync with the Podfile.lock. Run 'pod install' or update your CocoaPods installation.\" >&2\n    exit 1\nfi\n# This output is used by Xcode 'outputs' to avoid re-running this script phase.\necho \"SUCCESS\" > \"${SCRIPT_OUTPUT_FILE_0}\"\n";
			showEnvVarsInLog = 0;
		};
/* End PBXShellScriptBuildPhase section */

/* Begin PBXSourcesBuildPhase section */
		C7B04DE22B325E340003A60C /* Sources */ = {
			isa = PBXSourcesBuildPhase;
			buildActionMask = 2147483647;
			files = (
				C7B04DEE2B325E340003A60C /* ViewController.swift in Sources */,
				C7B04DFF2B325ECD0003A60C /* BLE_Peripheral.swift in Sources */,
				C7B04E012B325EDE0003A60C /* CBUUIDs.swift in Sources */,
				C7B04E042B325F180003A60C /* TableViewCell.swift in Sources */,
				C7B04E072B325FC00003A60C /* ConsoleViewController.swift in Sources */,
				C7B04E092B325FE20003A60C /* GraphViewController.swift in Sources */,
				C7B04DEA2B325E340003A60C /* AppDelegate.swift in Sources */,
				C7B04DEC2B325E340003A60C /* SceneDelegate.swift in Sources */,
			);
			runOnlyForDeploymentPostprocessing = 0;
		};
/* End PBXSourcesBuildPhase section */

/* Begin PBXVariantGroup section */
		C7B04DEF2B325E340003A60C /* Main.storyboard */ = {
			isa = PBXVariantGroup;
			children = (
				C7B04DF02B325E340003A60C /* Base */,
			);
			name = Main.storyboard;
			sourceTree = "<group>";
		};
		C7B04DF42B325E350003A60C /* LaunchScreen.storyboard */ = {
			isa = PBXVariantGroup;
			children = (
				C7B04DF52B325E350003A60C /* Base */,
			);
			name = LaunchScreen.storyboard;
			sourceTree = "<group>";
		};
/* End PBXVariantGroup section */

/* Begin XCBuildConfiguration section */
		C7B04DF82B325E350003A60C /* Debug */ = {
			isa = XCBuildConfiguration;
			buildSettings = {
				ALWAYS_SEARCH_USER_PATHS = NO;
				ASSETCATALOG_COMPILER_GENERATE_SWIFT_ASSET_SYMBOL_EXTENSIONS = YES;
				CLANG_ANALYZER_NONNULL = YES;
				CLANG_ANALYZER_NUMBER_OBJECT_CONVERSION = YES_AGGRESSIVE;
				CLANG_CXX_LANGUAGE_STANDARD = "gnu++14";
				CLANG_CXX_LIBRARY = "libc++";
				CLANG_ENABLE_MODULES = YES;
				CLANG_ENABLE_OBJC_ARC = YES;
				CLANG_ENABLE_OBJC_WEAK = YES;
				CLANG_WARN_BLOCK_CAPTURE_AUTORELEASING = YES;
				CLANG_WARN_BOOL_CONVERSION = YES;
				CLANG_WARN_COMMA = YES;
				CLANG_WARN_CONSTANT_CONVERSION = YES;
				CLANG_WARN_DEPRECATED_OBJC_IMPLEMENTATIONS = YES;
				CLANG_WARN_DIRECT_OBJC_ISA_USAGE = YES_ERROR;
				CLANG_WARN_DOCUMENTATION_COMMENTS = YES;
				CLANG_WARN_EMPTY_BODY = YES;
				CLANG_WARN_ENUM_CONVERSION = YES;
				CLANG_WARN_INFINITE_RECURSION = YES;
				CLANG_WARN_INT_CONVERSION = YES;
				CLANG_WARN_NON_LITERAL_NULL_CONVERSION = YES;
				CLANG_WARN_OBJC_IMPLICIT_RETAIN_SELF = YES;
				CLANG_WARN_OBJC_LITERAL_CONVERSION = YES;
				CLANG_WARN_OBJC_ROOT_CLASS = YES_ERROR;
				CLANG_WARN_QUOTED_INCLUDE_IN_FRAMEWORK_HEADER = YES;
				CLANG_WARN_RANGE_LOOP_ANALYSIS = YES;
				CLANG_WARN_STRICT_PROTOTYPES = YES;
				CLANG_WARN_SUSPICIOUS_MOVE = YES;
				CLANG_WARN_UNGUARDED_AVAILABILITY = YES_AGGRESSIVE;
				CLANG_WARN_UNREACHABLE_CODE = YES;
				CLANG_WARN__DUPLICATE_METHOD_MATCH = YES;
				COPY_PHASE_STRIP = NO;
				DEBUG_INFORMATION_FORMAT = dwarf;
				ENABLE_STRICT_OBJC_MSGSEND = YES;
				ENABLE_TESTABILITY = YES;
				ENABLE_USER_SCRIPT_SANDBOXING = NO;
				GCC_C_LANGUAGE_STANDARD = gnu11;
				GCC_DYNAMIC_NO_PIC = NO;
				GCC_NO_COMMON_BLOCKS = YES;
				GCC_OPTIMIZATION_LEVEL = 0;
				GCC_PREPROCESSOR_DEFINITIONS = (
					"DEBUG=1",
					"$(inherited)",
				);
				GCC_WARN_64_TO_32_BIT_CONVERSION = YES;
				GCC_WARN_ABOUT_RETURN_TYPE = YES_ERROR;
				GCC_WARN_UNDECLARED_SELECTOR = YES;
				GCC_WARN_UNINITIALIZED_AUTOS = YES_AGGRESSIVE;
				GCC_WARN_UNUSED_FUNCTION = YES;
				GCC_WARN_UNUSED_VARIABLE = YES;
				IPHONEOS_DEPLOYMENT_TARGET = 16.0;
				MTL_ENABLE_DEBUG_INFO = INCLUDE_SOURCE;
				MTL_FAST_MATH = YES;
				ONLY_ACTIVE_ARCH = YES;
				SDKROOT = iphoneos;
				SWIFT_ACTIVE_COMPILATION_CONDITIONS = DEBUG;
				SWIFT_OPTIMIZATION_LEVEL = "-Onone";
			};
			name = Debug;
		};
		C7B04DF92B325E350003A60C /* Release */ = {
			isa = XCBuildConfiguration;
			buildSettings = {
				ALWAYS_SEARCH_USER_PATHS = NO;
				ASSETCATALOG_COMPILER_GENERATE_SWIFT_ASSET_SYMBOL_EXTENSIONS = YES;
				CLANG_ANALYZER_NONNULL = YES;
				CLANG_ANALYZER_NUMBER_OBJECT_CONVERSION = YES_AGGRESSIVE;
				CLANG_CXX_LANGUAGE_STANDARD = "gnu++14";
				CLANG_CXX_LIBRARY = "libc++";
				CLANG_ENABLE_MODULES = YES;
				CLANG_ENABLE_OBJC_ARC = YES;
				CLANG_ENABLE_OBJC_WEAK = YES;
				CLANG_WARN_BLOCK_CAPTURE_AUTORELEASING = YES;
				CLANG_WARN_BOOL_CONVERSION = YES;
				CLANG_WARN_COMMA = YES;
				CLANG_WARN_CONSTANT_CONVERSION = YES;
				CLANG_WARN_DEPRECATED_OBJC_IMPLEMENTATIONS = YES;
				CLANG_WARN_DIRECT_OBJC_ISA_USAGE = YES_ERROR;
				CLANG_WARN_DOCUMENTATION_COMMENTS = YES;
				CLANG_WARN_EMPTY_BODY = YES;
				CLANG_WARN_ENUM_CONVERSION = YES;
				CLANG_WARN_INFINITE_RECURSION = YES;
				CLANG_WARN_INT_CONVERSION = YES;
				CLANG_WARN_NON_LITERAL_NULL_CONVERSION = YES;
				CLANG_WARN_OBJC_IMPLICIT_RETAIN_SELF = YES;
				CLANG_WARN_OBJC_LITERAL_CONVERSION = YES;
				CLANG_WARN_OBJC_ROOT_CLASS = YES_ERROR;
				CLANG_WARN_QUOTED_INCLUDE_IN_FRAMEWORK_HEADER = YES;
				CLANG_WARN_RANGE_LOOP_ANALYSIS = YES;
				CLANG_WARN_STRICT_PROTOTYPES = YES;
				CLANG_WARN_SUSPICIOUS_MOVE = YES;
				CLANG_WARN_UNGUARDED_AVAILABILITY = YES_AGGRESSIVE;
				CLANG_WARN_UNREACHABLE_CODE = YES;
				CLANG_WARN__DUPLICATE_METHOD_MATCH = YES;
				COPY_PHASE_STRIP = NO;
				DEBUG_INFORMATION_FORMAT = "dwarf-with-dsym";
				ENABLE_NS_ASSERTIONS = NO;
				ENABLE_STRICT_OBJC_MSGSEND = YES;
				ENABLE_USER_SCRIPT_SANDBOXING = NO;
				GCC_C_LANGUAGE_STANDARD = gnu11;
				GCC_NO_COMMON_BLOCKS = YES;
				GCC_WARN_64_TO_32_BIT_CONVERSION = YES;
				GCC_WARN_ABOUT_RETURN_TYPE = YES_ERROR;
				GCC_WARN_UNDECLARED_SELECTOR = YES;
				GCC_WARN_UNINITIALIZED_AUTOS = YES_AGGRESSIVE;
				GCC_WARN_UNUSED_FUNCTION = YES;
				GCC_WARN_UNUSED_VARIABLE = YES;
				IPHONEOS_DEPLOYMENT_TARGET = 16.0;
				MTL_ENABLE_DEBUG_INFO = NO;
				MTL_FAST_MATH = YES;
				SDKROOT = iphoneos;
				SWIFT_COMPILATION_MODE = wholemodule;
				SWIFT_OPTIMIZATION_LEVEL = "-O";
				VALIDATE_PRODUCT = YES;
			};
			name = Release;
		};
		C7B04DFB2B325E350003A60C /* Debug */ = {
			isa = XCBuildConfiguration;
			baseConfigurationReference = F597108A25FE3F6071B162D1 /* Pods-Glaucoma_App.debug.xcconfig */;
			buildSettings = {
				ASSETCATALOG_COMPILER_APPICON_NAME = AppIcon;
				ASSETCATALOG_COMPILER_GLOBAL_ACCENT_COLOR_NAME = AccentColor;
				ASSETCATALOG_COMPILER_INCLUDE_ALL_APPICON_ASSETS = NO;
				CODE_SIGN_STYLE = Automatic;
				DEVELOPMENT_TEAM = P9579UU767;
				INFOPLIST_FILE = Glaucoma_App/Info.plist;
				INFOPLIST_KEY_CFBundleDisplayName = "Glauc-At-Home-A";
				IPHONEOS_DEPLOYMENT_TARGET = 17.0;
				LD_RUNPATH_SEARCH_PATHS = (
					"$(inherited)",
					"@executable_path/Frameworks",
				);
				PRODUCT_BUNDLE_IDENTIFIER = "mhegde.Glaucoma-App";
				PRODUCT_NAME = "$(TARGET_NAME)";
				SWIFT_VERSION = 5.0;
				TARGETED_DEVICE_FAMILY = "1,2";
			};
			name = Debug;
		};
		C7B04DFC2B325E350003A60C /* Release */ = {
			isa = XCBuildConfiguration;
			baseConfigurationReference = 186A406411575715308E96F5 /* Pods-Glaucoma_App.release.xcconfig */;
			buildSettings = {
				ASSETCATALOG_COMPILER_APPICON_NAME = AppIcon;
				ASSETCATALOG_COMPILER_GLOBAL_ACCENT_COLOR_NAME = AccentColor;
				ASSETCATALOG_COMPILER_INCLUDE_ALL_APPICON_ASSETS = NO;
				CODE_SIGN_STYLE = Automatic;
				DEVELOPMENT_TEAM = P9579UU767;
				INFOPLIST_FILE = Glaucoma_App/Info.plist;
				INFOPLIST_KEY_CFBundleDisplayName = "Glauc-At-Home-A";
				IPHONEOS_DEPLOYMENT_TARGET = 17.0;
				LD_RUNPATH_SEARCH_PATHS = (
					"$(inherited)",
					"@executable_path/Frameworks",
				);
				PRODUCT_BUNDLE_IDENTIFIER = "mhegde.Glaucoma-App";
				PRODUCT_NAME = "$(TARGET_NAME)";
				SWIFT_VERSION = 5.0;
				TARGETED_DEVICE_FAMILY = "1,2";
			};
			name = Release;
		};
/* End XCBuildConfiguration section */

/* Begin XCConfigurationList section */
		C7B04DE12B325E340003A60C /* Build configuration list for PBXProject "Glaucoma_App" */ = {
			isa = XCConfigurationList;
			buildConfigurations = (
				C7B04DF82B325E350003A60C /* Debug */,
				C7B04DF92B325E350003A60C /* Release */,
			);
			defaultConfigurationIsVisible = 0;
			defaultConfigurationName = Release;
		};
		C7B04DFA2B325E350003A60C /* Build configuration list for PBXNativeTarget "Glauc-At-Home-A" */ = {
			isa = XCConfigurationList;
			buildConfigurations = (
				C7B04DFB2B325E350003A60C /* Debug */,
				C7B04DFC2B325E350003A60C /* Release */,
			);
			defaultConfigurationIsVisible = 0;
			defaultConfigurationName = Release;
		};
/* End XCConfigurationList section */

/* Begin XCRemoteSwiftPackageReference section */
		CD654A982B33E62400659FE8 /* XCRemoteSwiftPackageReference "firebase-ios-sdk" */ = {
			isa = XCRemoteSwiftPackageReference;
			repositoryURL = "https://github.com/firebase/firebase-ios-sdk.git";
			requirement = {
				kind = upToNextMajorVersion;
				minimumVersion = 10.19.1;
			};
		};
/* End XCRemoteSwiftPackageReference section */

/* Begin XCSwiftPackageProductDependency section */
		CD654A992B33E62400659FE8 /* FirebaseAnalytics */ = {
			isa = XCSwiftPackageProductDependency;
			package = CD654A982B33E62400659FE8 /* XCRemoteSwiftPackageReference "firebase-ios-sdk" */;
			productName = FirebaseAnalytics;
		};
		CD654A9B2B33E62400659FE8 /* FirebaseAnalyticsOnDeviceConversion */ = {
			isa = XCSwiftPackageProductDependency;
			package = CD654A982B33E62400659FE8 /* XCRemoteSwiftPackageReference "firebase-ios-sdk" */;
			productName = FirebaseAnalyticsOnDeviceConversion;
		};
		CD654A9D2B33E62400659FE8 /* FirebaseAnalyticsSwift */ = {
			isa = XCSwiftPackageProductDependency;
			package = CD654A982B33E62400659FE8 /* XCRemoteSwiftPackageReference "firebase-ios-sdk" */;
			productName = FirebaseAnalyticsSwift;
		};
		CD654A9F2B33E62400659FE8 /* FirebaseAnalyticsWithoutAdIdSupport */ = {
			isa = XCSwiftPackageProductDependency;
			package = CD654A982B33E62400659FE8 /* XCRemoteSwiftPackageReference "firebase-ios-sdk" */;
			productName = FirebaseAnalyticsWithoutAdIdSupport;
		};
		CD654AA12B33E62400659FE8 /* FirebaseAppCheck */ = {
			isa = XCSwiftPackageProductDependency;
			package = CD654A982B33E62400659FE8 /* XCRemoteSwiftPackageReference "firebase-ios-sdk" */;
			productName = FirebaseAppCheck;
		};
		CD654AA32B33E62400659FE8 /* FirebaseAppDistribution-Beta */ = {
			isa = XCSwiftPackageProductDependency;
			package = CD654A982B33E62400659FE8 /* XCRemoteSwiftPackageReference "firebase-ios-sdk" */;
			productName = "FirebaseAppDistribution-Beta";
		};
		CD654AA52B33E62400659FE8 /* FirebaseAuth */ = {
			isa = XCSwiftPackageProductDependency;
			package = CD654A982B33E62400659FE8 /* XCRemoteSwiftPackageReference "firebase-ios-sdk" */;
			productName = FirebaseAuth;
		};
		CD654AA72B33E62400659FE8 /* FirebaseAuthCombine-Community */ = {
			isa = XCSwiftPackageProductDependency;
			package = CD654A982B33E62400659FE8 /* XCRemoteSwiftPackageReference "firebase-ios-sdk" */;
			productName = "FirebaseAuthCombine-Community";
		};
		CD654AA92B33E62400659FE8 /* FirebaseCrashlytics */ = {
			isa = XCSwiftPackageProductDependency;
			package = CD654A982B33E62400659FE8 /* XCRemoteSwiftPackageReference "firebase-ios-sdk" */;
			productName = FirebaseCrashlytics;
		};
		CD654AAB2B33E62400659FE8 /* FirebaseDatabase */ = {
			isa = XCSwiftPackageProductDependency;
			package = CD654A982B33E62400659FE8 /* XCRemoteSwiftPackageReference "firebase-ios-sdk" */;
			productName = FirebaseDatabase;
		};
		CD654AAD2B33E62400659FE8 /* FirebaseDatabaseSwift */ = {
			isa = XCSwiftPackageProductDependency;
			package = CD654A982B33E62400659FE8 /* XCRemoteSwiftPackageReference "firebase-ios-sdk" */;
			productName = FirebaseDatabaseSwift;
		};
		CD654AAF2B33E62400659FE8 /* FirebaseDynamicLinks */ = {
			isa = XCSwiftPackageProductDependency;
			package = CD654A982B33E62400659FE8 /* XCRemoteSwiftPackageReference "firebase-ios-sdk" */;
			productName = FirebaseDynamicLinks;
		};
		CD654AB12B33E62400659FE8 /* FirebaseFirestore */ = {
			isa = XCSwiftPackageProductDependency;
			package = CD654A982B33E62400659FE8 /* XCRemoteSwiftPackageReference "firebase-ios-sdk" */;
			productName = FirebaseFirestore;
		};
		CD654AB32B33E62400659FE8 /* FirebaseFirestoreCombine-Community */ = {
			isa = XCSwiftPackageProductDependency;
			package = CD654A982B33E62400659FE8 /* XCRemoteSwiftPackageReference "firebase-ios-sdk" */;
			productName = "FirebaseFirestoreCombine-Community";
		};
		CD654AB52B33E62400659FE8 /* FirebaseFirestoreSwift */ = {
			isa = XCSwiftPackageProductDependency;
			package = CD654A982B33E62400659FE8 /* XCRemoteSwiftPackageReference "firebase-ios-sdk" */;
			productName = FirebaseFirestoreSwift;
		};
		CD654AB72B33E62400659FE8 /* FirebaseFunctions */ = {
			isa = XCSwiftPackageProductDependency;
			package = CD654A982B33E62400659FE8 /* XCRemoteSwiftPackageReference "firebase-ios-sdk" */;
			productName = FirebaseFunctions;
		};
		CD654AB92B33E62400659FE8 /* FirebaseFunctionsCombine-Community */ = {
			isa = XCSwiftPackageProductDependency;
			package = CD654A982B33E62400659FE8 /* XCRemoteSwiftPackageReference "firebase-ios-sdk" */;
			productName = "FirebaseFunctionsCombine-Community";
		};
		CD654ABB2B33E62400659FE8 /* FirebaseInAppMessaging-Beta */ = {
			isa = XCSwiftPackageProductDependency;
			package = CD654A982B33E62400659FE8 /* XCRemoteSwiftPackageReference "firebase-ios-sdk" */;
			productName = "FirebaseInAppMessaging-Beta";
		};
		CD654ABD2B33E62400659FE8 /* FirebaseInAppMessagingSwift-Beta */ = {
			isa = XCSwiftPackageProductDependency;
			package = CD654A982B33E62400659FE8 /* XCRemoteSwiftPackageReference "firebase-ios-sdk" */;
			productName = "FirebaseInAppMessagingSwift-Beta";
		};
		CD654ABF2B33E62400659FE8 /* FirebaseInstallations */ = {
			isa = XCSwiftPackageProductDependency;
			package = CD654A982B33E62400659FE8 /* XCRemoteSwiftPackageReference "firebase-ios-sdk" */;
			productName = FirebaseInstallations;
		};
		CD654AC12B33E62400659FE8 /* FirebaseMLModelDownloader */ = {
			isa = XCSwiftPackageProductDependency;
			package = CD654A982B33E62400659FE8 /* XCRemoteSwiftPackageReference "firebase-ios-sdk" */;
			productName = FirebaseMLModelDownloader;
		};
		CD654AC32B33E62400659FE8 /* FirebaseMessaging */ = {
			isa = XCSwiftPackageProductDependency;
			package = CD654A982B33E62400659FE8 /* XCRemoteSwiftPackageReference "firebase-ios-sdk" */;
			productName = FirebaseMessaging;
		};
		CD654AC52B33E62400659FE8 /* FirebasePerformance */ = {
			isa = XCSwiftPackageProductDependency;
			package = CD654A982B33E62400659FE8 /* XCRemoteSwiftPackageReference "firebase-ios-sdk" */;
			productName = FirebasePerformance;
		};
		CD654AC72B33E62400659FE8 /* FirebaseRemoteConfig */ = {
			isa = XCSwiftPackageProductDependency;
			package = CD654A982B33E62400659FE8 /* XCRemoteSwiftPackageReference "firebase-ios-sdk" */;
			productName = FirebaseRemoteConfig;
		};
		CD654AC92B33E62400659FE8 /* FirebaseRemoteConfigSwift */ = {
			isa = XCSwiftPackageProductDependency;
			package = CD654A982B33E62400659FE8 /* XCRemoteSwiftPackageReference "firebase-ios-sdk" */;
			productName = FirebaseRemoteConfigSwift;
		};
		CD654ACB2B33E62400659FE8 /* FirebaseStorage */ = {
			isa = XCSwiftPackageProductDependency;
			package = CD654A982B33E62400659FE8 /* XCRemoteSwiftPackageReference "firebase-ios-sdk" */;
			productName = FirebaseStorage;
		};
		CD654ACD2B33E62400659FE8 /* FirebaseStorageCombine-Community */ = {
			isa = XCSwiftPackageProductDependency;
			package = CD654A982B33E62400659FE8 /* XCRemoteSwiftPackageReference "firebase-ios-sdk" */;
			productName = "FirebaseStorageCombine-Community";
		};
/* End XCSwiftPackageProductDependency section */
	};
	rootObject = C7B04DDE2B325E340003A60C /* Project object */;
}
